<Solution>
  <Project Path="Ziusudra.Client.Tests/Ziusudra.Client.Tests.csproj" />
  <Project Path="Ziusudra.Client/Ziusudra.Client.csproj" />
  <Project Path="Ziusudra.Core.Tests/Ziusudra.Core.Tests.csproj" />
  <Project Path="Ziusudra.Core/Ziusudra.Core.csproj" />
  <Project Path="Ziusudra.Desktop/Ziusudra.Desktop.csproj" />
</Solution>
